<?xml version="1.0" encoding="utf-8"?>
<Project ToolsVersion="4.0" xmlns="http://schemas.microsoft.com/developer/msbuild/2003">
  <ItemGroup>
    <ClInclude Include="include\multiverso\multiverso.h">
      <Filter>include</Filter>
    </ClInclude>
    <ClInclude Include="include\multiverso\table_interface.h">
      <Filter>include</Filter>
    </ClInclude>
    <ClInclude Include="include\multiverso\table\array_table.h">
      <Filter>include\table</Filter>
    </ClInclude>
    <ClInclude Include="include\multiverso\table\kv_table.h">
      <Filter>include\table</Filter>
    </ClInclude>
    <ClInclude Include="include\multiverso\actor.h">
      <Filter>system</Filter>
    </ClInclude>
    <ClInclude Include="include\multiverso\blob.h">
      <Filter>system</Filter>
    </ClInclude>
    <ClInclude Include="include\multiverso\communicator.h">
      <Filter>system</Filter>
    </ClInclude>
    <ClInclude Include="include\multiverso\controller.h">
      <Filter>system</Filter>
    </ClInclude>
    <ClInclude Include="include\multiverso\message.h">
      <Filter>system</Filter>
    </ClInclude>
    <ClInclude Include="include\multiverso\net.h">
      <Filter>system</Filter>
    </ClInclude>
    <ClInclude Include="include\multiverso\node.h">
      <Filter>system</Filter>
    </ClInclude>
    <ClInclude Include="include\multiverso\server.h">
      <Filter>system</Filter>
    </ClInclude>
    <ClInclude Include="include\multiverso\worker.h">
      <Filter>system</Filter>
    </ClInclude>
    <ClInclude Include="include\multiverso\zoo.h">
      <Filter>system</Filter>
    </ClInclude>
    <ClInclude Include="include\multiverso\util\net_util.h">
      <Filter>util</Filter>
    </ClInclude>
    <ClInclude Include="include\multiverso\util\mt_queue.h">
      <Filter>util</Filter>
    </ClInclude>
    <ClInclude Include="include\multiverso\util\waiter.h">
      <Filter>util</Filter>
    </ClInclude>
    <ClInclude Include="include\multiverso\util\double_buffer.h">
      <Filter>util</Filter>
    </ClInclude>
    <ClInclude Include="include\multiverso\util\log.h">
      <Filter>util</Filter>
    </ClInclude>
    <ClInclude Include="include\multiverso\net\zmq_net.h">
      <Filter>net</Filter>
    </ClInclude>
    <ClInclude Include="include\multiverso\net\mpi_net.h">
      <Filter>net</Filter>
    </ClInclude>
    <ClInclude Include="include\multiverso\table\smooth_array_table.h">
      <Filter>include\table</Filter>
    </ClInclude>
    <ClInclude Include="include\multiverso\table\adam_array_table.h">
      <Filter>include\table</Filter>
    </ClInclude>
    <ClInclude Include="include\multiverso\table\matrix_table.h" />
    <ClInclude Include="include\multiverso\util\quantization_util.h">
      <Filter>util</Filter>
    </ClInclude>
  </ItemGroup>
  <ItemGroup>
    <Filter Include="include">
      <UniqueIdentifier>{befa27d3-15da-409a-a02e-fc1d9e676f80}</UniqueIdentifier>
    </Filter>
    <Filter Include="system">
      <UniqueIdentifier>{f1d6488a-2e66-4610-8676-304c070d7b49}</UniqueIdentifier>
    </Filter>
    <Filter Include="util">
      <UniqueIdentifier>{4e63d643-6e66-4f5c-832b-232b5a5ad239}</UniqueIdentifier>
    </Filter>
    <Filter Include="include\table">
      <UniqueIdentifier>{eb628a56-01c9-4c87-a995-9504264c0e54}</UniqueIdentifier>
    </Filter>
    <Filter Include="net">
      <UniqueIdentifier>{c720657f-d601-4776-956c-b2f892a1402c}</UniqueIdentifier>
    </Filter>
  </ItemGroup>
  <ItemGroup>
    <ClCompile Include="src\actor.cpp">
      <Filter>system</Filter>
    </ClCompile>
    <ClCompile Include="src\communicator.cpp">
      <Filter>system</Filter>
    </ClCompile>
    <ClCompile Include="src\controller.cpp">
      <Filter>system</Filter>
    </ClCompile>
    <ClCompile Include="src\multiverso.cpp">
      <Filter>system</Filter>
    </ClCompile>
    <ClCompile Include="src\server.cpp">
      <Filter>system</Filter>
    </ClCompile>
    <ClCompile Include="src\table.cpp">
      <Filter>system</Filter>
    </ClCompile>
    <ClCompile Include="src\worker.cpp">
      <Filter>system</Filter>
    </ClCompile>
    <ClCompile Include="src\zoo.cpp">
      <Filter>system</Filter>
    </ClCompile>
    <ClCompile Include="src\util\log.cpp">
      <Filter>util</Filter>
    </ClCompile>
    <ClCompile Include="src\node.cpp">
      <Filter>system</Filter>
    </ClCompile>
    <ClCompile Include="src\util\net_util.cpp">
      <Filter>util</Filter>
    </ClCompile>
    <ClCompile Include="src\net.cpp">
      <Filter>system</Filter>
    </ClCompile>
  </ItemGroup>
</Project>