
Microsoft Visual Studio Solution File, Format Version 12.00
# Visual Studio 2013
VisualStudioVersion = 12.0.40629.0
MinimumVisualStudioVersion = 10.0.40219.1
Project("{8BC9CEB8-8B4A-11D0-8D11-00A0C91BC942}") = "IMultiverso", "IMultiverso.vcxproj", "{F2DD7153-E4FB-4CA8-9B9E-CB6AB025CCBA}"
EndProject
Project("{8BC9CEB8-8B4A-11D0-8D11-00A0C91BC942}") = "Test", "Test\Test.vcxproj", "{546681D6-495C-4AEE-BBC2-3CAEC86B5137}"
	ProjectSection(ProjectDependencies) = postProject
		{F2DD7153-E4FB-4CA8-9B9E-CB6AB025CCBA} = {F2DD7153-E4FB-4CA8-9B9E-CB6AB025CCBA}
	EndProjectSection
EndProject
Global
	GlobalSection(SolutionConfigurationPlatforms) = preSolution
		debug_zmq|x64 = debug_zmq|x64
		debug|x64 = debug|x64
		release_zmq|x64 = release_zmq|x64
		release|x64 = release|x64
	EndGlobalSection
	GlobalSection(ProjectConfigurationPlatforms) = postSolution
		{F2DD7153-E4FB-4CA8-9B9E-CB6AB025CCBA}.debug_zmq|x64.ActiveCfg = debug_zmq|x64
		{F2DD7153-E4FB-4CA8-9B9E-CB6AB025CCBA}.debug_zmq|x64.Build.0 = debug_zmq|x64
		{F2DD7153-E4FB-4CA8-9B9E-CB6AB025CCBA}.debug|x64.ActiveCfg = debug|x64
		{F2DD7153-E4FB-4CA8-9B9E-CB6AB025CCBA}.debug|x64.Build.0 = debug|x64
		{F2DD7153-E4FB-4CA8-9B9E-CB6AB025CCBA}.release_zmq|x64.ActiveCfg = release_zmq|x64
		{F2DD7153-E4FB-4CA8-9B9E-CB6AB025CCBA}.release_zmq|x64.Build.0 = release_zmq|x64
		{F2DD7153-E4FB-4CA8-9B9E-CB6AB025CCBA}.release|x64.ActiveCfg = release|x64
		{F2DD7153-E4FB-4CA8-9B9E-CB6AB025CCBA}.release|x64.Build.0 = release|x64
		{546681D6-495C-4AEE-BBC2-3CAEC86B5137}.debug_zmq|x64.ActiveCfg = debug|x64
		{546681D6-495C-4AEE-BBC2-3CAEC86B5137}.debug_zmq|x64.Build.0 = debug|x64
		{546681D6-495C-4AEE-BBC2-3CAEC86B5137}.debug|x64.ActiveCfg = debug|x64
		{546681D6-495C-4AEE-BBC2-3CAEC86B5137}.release_zmq|x64.ActiveCfg = release|x64
		{546681D6-495C-4AEE-BBC2-3CAEC86B5137}.release_zmq|x64.Build.0 = release|x64
		{546681D6-495C-4AEE-BBC2-3CAEC86B5137}.release|x64.ActiveCfg = release|x64
		{546681D6-495C-4AEE-BBC2-3CAEC86B5137}.release|x64.Build.0 = release|x64
	EndGlobalSection
	GlobalSection(SolutionProperties) = preSolution
		HideSolutionNode = FALSE
	EndGlobalSection
EndGlobal
