<?xml version="1.0" encoding="utf-8"?>
<Project ToolsVersion="4.0" xmlns="http://schemas.microsoft.com/developer/msbuild/2003">
  <ItemGroup>
    <ClCompile Include="..\..\src\multiverso\aggregator.cpp" />
    <ClCompile Include="..\..\src\multiverso\barrier.cpp" />
    <ClCompile Include="..\..\src\multiverso\communicator.cpp" />
    <ClCompile Include="..\..\src\multiverso\data_block.cpp" />
    <ClCompile Include="..\..\src\multiverso\delta_pool.cpp" />
    <ClCompile Include="..\..\src\multiverso\endpoint_list.cpp" />
    <ClCompile Include="..\..\src\multiverso\lock.cpp" />
    <ClCompile Include="..\..\src\multiverso\log.cpp" />
    <ClCompile Include="..\..\src\multiverso\mpi_util.cpp" />
    <ClCompile Include="..\..\src\multiverso\msg_pack.cpp" />
    <ClCompile Include="..\..\src\multiverso\multiverso.cpp" />
    <ClCompile Include="..\..\src\multiverso\parameter_loader.cpp" />
    <ClCompile Include="..\..\src\multiverso\row.cpp" />
    <ClCompile Include="..\..\src\multiverso\row_iter.cpp" />
    <ClCompile Include="..\..\src\multiverso\server.cpp" />
    <ClCompile Include="..\..\src\multiverso\stop_watch.cpp" />
    <ClCompile Include="..\..\src\multiverso\table.cpp" />
    <ClCompile Include="..\..\src\multiverso\table_iter.cpp" />
    <ClCompile Include="..\..\src\multiverso\trainer.cpp" />
    <ClCompile Include="..\..\src\multiverso\vector_clock.cpp" />
    <ClCompile Include="..\..\src\multiverso\zmq_util.cpp" />
    <ClCompile Include="..\..\multiverso\arena.cpp">
      <Filter>next</Filter>
    </ClCompile>
  </ItemGroup>
  <ItemGroup>
    <ClInclude Include="..\..\include\multiverso\aggregator.h" />
    <ClInclude Include="..\..\include\multiverso\barrier.h" />
    <ClInclude Include="..\..\include\multiverso\communicator.h" />
    <ClInclude Include="..\..\include\multiverso\data_block.h" />
    <ClInclude Include="..\..\include\multiverso\delta_pool.h" />
    <ClInclude Include="..\..\include\multiverso\double_buffer.h" />
    <ClInclude Include="..\..\include\multiverso\endpoint_list.h" />
    <ClInclude Include="..\..\include\multiverso\lock.h" />
    <ClInclude Include="..\..\include\multiverso\log.h" />
    <ClInclude Include="..\..\include\multiverso\meta.h" />
    <ClInclude Include="..\..\include\multiverso\mpi_util.h" />
    <ClInclude Include="..\..\include\multiverso\msg_pack.h" />
    <ClInclude Include="..\..\include\multiverso\mt_queue.h" />
    <ClInclude Include="..\..\include\multiverso\multiverso.h" />
    <ClInclude Include="..\..\include\multiverso\parameter_loader.h" />
    <ClInclude Include="..\..\include\multiverso\row.h" />
    <ClInclude Include="..\..\include\multiverso\row_iter.h" />
    <ClInclude Include="..\..\include\multiverso\server.h" />
    <ClInclude Include="..\..\include\multiverso\stop_watch.h" />
    <ClInclude Include="..\..\include\multiverso\table.h" />
    <ClInclude Include="..\..\include\multiverso\table_iter.h" />
    <ClInclude Include="..\..\include\multiverso\trainer.h" />
    <ClInclude Include="..\..\include\multiverso\vector_clock.h" />
    <ClInclude Include="..\..\include\multiverso\zmq_util.h" />
    <ClInclude Include="..\..\multiverso\arena.h">
      <Filter>next</Filter>
    </ClInclude>
    <ClInclude Include="..\..\multiverso\base.h">
      <Filter>next</Filter>
    </ClInclude>
    <ClInclude Include="..\..\multiverso\message.h">
      <Filter>next</Filter>
    </ClInclude>
    <ClInclude Include="..\..\multiverso\waiter.h">
      <Filter>next</Filter>
    </ClInclude>
    <ClInclude Include="..\..\multiverso\table_interface.h">
      <Filter>next</Filter>
    </ClInclude>
    <ClInclude Include="..\..\multiverso\bounded_queue.h">
      <Filter>next</Filter>
    </ClInclude>
  </ItemGroup>
  <ItemGroup>
    <Filter Include="next">
      <UniqueIdentifier>{7dac7e9c-7b3c-4ed4-b3c2-49cab83c528c}</UniqueIdentifier>
    </Filter>
  </ItemGroup>
</Project>